
Microsoft Visual Studio Solution File, Format Version 12.00
# Visual Studio Version 16
VisualStudioVersion = 16.0.29102.190
MinimumVisualStudioVersion = 10.0.40219.1
Project("{FAE04EC0-301F-11D3-BF4B-00C04F79EFBC}") = "Lista 1 - Exercicio 13", "Lista 1 - Exercicio 13\Lista 1 - Exercicio 13.csproj", "{9B4A0DFB-1B47-4197-918F-846BFB497206}"
EndProject
Global
	GlobalSection(SolutionConfigurationPlatforms) = preSolution
		Debug|Any CPU = Debug|Any CPU
		Release|Any CPU = Release|Any CPU
	EndGlobalSection
	GlobalSection(ProjectConfigurationPlatforms) = postSolution
		{9B4A0DFB-1B47-4197-918F-846BFB497206}.Debug|Any CPU.ActiveCfg = Debug|Any CPU
		{9B4A0DFB-1B47-4197-918F-846BFB497206}.Debug|Any CPU.Build.0 = Debug|Any CPU
		{9B4A0DFB-1B47-4197-918F-846BFB497206}.Release|Any CPU.ActiveCfg = Release|Any CPU
		{9B4A0DFB-1B47-4197-918F-846BFB497206}.Release|Any CPU.Build.0 = Release|Any CPU
	EndGlobalSection
	GlobalSection(SolutionProperties) = preSolution
		HideSolutionNode = FALSE
	EndGlobalSection
	GlobalSection(ExtensibilityGlobals) = postSolution
		SolutionGuid = {41B53E7C-90F3-4C37-9DEF-6D0ED7F5FCB7}
	EndGlobalSection
EndGlobal
