
Microsoft Visual Studio Solution File, Format Version 12.00
# Visual Studio Version 16
VisualStudioVersion = 16.0.29102.190
MinimumVisualStudioVersion = 10.0.40219.1
Project("{FAE04EC0-301F-11D3-BF4B-00C04F79EFBC}") = "Calculadora Financeira - Poupança", "Calculadora Financeira - Poupança\Calculadora Financeira - Poupança.csproj", "{F85B9278-0E66-4981-8598-1A63C735293B}"
EndProject
Global
	GlobalSection(SolutionConfigurationPlatforms) = preSolution
		Debug|Any CPU = Debug|Any CPU
		Release|Any CPU = Release|Any CPU
	EndGlobalSection
	GlobalSection(ProjectConfigurationPlatforms) = postSolution
		{F85B9278-0E66-4981-8598-1A63C735293B}.Debug|Any CPU.ActiveCfg = Debug|Any CPU
		{F85B9278-0E66-4981-8598-1A63C735293B}.Debug|Any CPU.Build.0 = Debug|Any CPU
		{F85B9278-0E66-4981-8598-1A63C735293B}.Release|Any CPU.ActiveCfg = Release|Any CPU
		{F85B9278-0E66-4981-8598-1A63C735293B}.Release|Any CPU.Build.0 = Release|Any CPU
	EndGlobalSection
	GlobalSection(SolutionProperties) = preSolution
		HideSolutionNode = FALSE
	EndGlobalSection
	GlobalSection(ExtensibilityGlobals) = postSolution
		SolutionGuid = {B25CCEEF-C3AE-429E-9C4D-08011BE029ED}
	EndGlobalSection
EndGlobal
