
Microsoft Visual Studio Solution File, Format Version 12.00
# Visual Studio Version 16
VisualStudioVersion = 16.0.29102.190
MinimumVisualStudioVersion = 10.0.40219.1
Project("{FAE04EC0-301F-11D3-BF4B-00C04F79EFBC}") = "Lista 2 - Exercicio 7", "Lista 2 - Exercicio 7\Lista 2 - Exercicio 7.csproj", "{A100A3E8-7181-4D6F-A400-87DAD99786F1}"
EndProject
Global
	GlobalSection(SolutionConfigurationPlatforms) = preSolution
		Debug|Any CPU = Debug|Any CPU
		Release|Any CPU = Release|Any CPU
	EndGlobalSection
	GlobalSection(ProjectConfigurationPlatforms) = postSolution
		{A100A3E8-7181-4D6F-A400-87DAD99786F1}.Debug|Any CPU.ActiveCfg = Debug|Any CPU
		{A100A3E8-7181-4D6F-A400-87DAD99786F1}.Debug|Any CPU.Build.0 = Debug|Any CPU
		{A100A3E8-7181-4D6F-A400-87DAD99786F1}.Release|Any CPU.ActiveCfg = Release|Any CPU
		{A100A3E8-7181-4D6F-A400-87DAD99786F1}.Release|Any CPU.Build.0 = Release|Any CPU
	EndGlobalSection
	GlobalSection(SolutionProperties) = preSolution
		HideSolutionNode = FALSE
	EndGlobalSection
	GlobalSection(ExtensibilityGlobals) = postSolution
		SolutionGuid = {D2A5CFDA-4B6A-4606-881A-D724E3A29B53}
	EndGlobalSection
EndGlobal
