
Microsoft Visual Studio Solution File, Format Version 12.00
# Visual Studio Version 16
VisualStudioVersion = 16.0.29102.190
MinimumVisualStudioVersion = 10.0.40219.1
Project("{FAE04EC0-301F-11D3-BF4B-00C04F79EFBC}") = "Lista 1 - Exercicio 03", "Lista 1 - Exercicio 03\Lista 1 - Exercicio 03.csproj", "{D9376034-CEB1-4884-9AF9-49ECFB2AFF23}"
EndProject
Global
	GlobalSection(SolutionConfigurationPlatforms) = preSolution
		Debug|Any CPU = Debug|Any CPU
		Release|Any CPU = Release|Any CPU
	EndGlobalSection
	GlobalSection(ProjectConfigurationPlatforms) = postSolution
		{D9376034-CEB1-4884-9AF9-49ECFB2AFF23}.Debug|Any CPU.ActiveCfg = Debug|Any CPU
		{D9376034-CEB1-4884-9AF9-49ECFB2AFF23}.Debug|Any CPU.Build.0 = Debug|Any CPU
		{D9376034-CEB1-4884-9AF9-49ECFB2AFF23}.Release|Any CPU.ActiveCfg = Release|Any CPU
		{D9376034-CEB1-4884-9AF9-49ECFB2AFF23}.Release|Any CPU.Build.0 = Release|Any CPU
	EndGlobalSection
	GlobalSection(SolutionProperties) = preSolution
		HideSolutionNode = FALSE
	EndGlobalSection
	GlobalSection(ExtensibilityGlobals) = postSolution
		SolutionGuid = {7C260C18-8BD6-4292-8CF7-B17994A629C3}
	EndGlobalSection
EndGlobal
