
Microsoft Visual Studio Solution File, Format Version 12.00
# Visual Studio Version 16
VisualStudioVersion = 16.0.29102.190
MinimumVisualStudioVersion = 10.0.40219.1
Project("{FAE04EC0-301F-11D3-BF4B-00C04F79EFBC}") = "Lista 2 - Exercicio 14", "Lista 2 - Exercicio 14\Lista 2 - Exercicio 14.csproj", "{C0992B66-6BFD-47EE-ADA8-EB884F3B7F9C}"
EndProject
Global
	GlobalSection(SolutionConfigurationPlatforms) = preSolution
		Debug|Any CPU = Debug|Any CPU
		Release|Any CPU = Release|Any CPU
	EndGlobalSection
	GlobalSection(ProjectConfigurationPlatforms) = postSolution
		{C0992B66-6BFD-47EE-ADA8-EB884F3B7F9C}.Debug|Any CPU.ActiveCfg = Debug|Any CPU
		{C0992B66-6BFD-47EE-ADA8-EB884F3B7F9C}.Debug|Any CPU.Build.0 = Debug|Any CPU
		{C0992B66-6BFD-47EE-ADA8-EB884F3B7F9C}.Release|Any CPU.ActiveCfg = Release|Any CPU
		{C0992B66-6BFD-47EE-ADA8-EB884F3B7F9C}.Release|Any CPU.Build.0 = Release|Any CPU
	EndGlobalSection
	GlobalSection(SolutionProperties) = preSolution
		HideSolutionNode = FALSE
	EndGlobalSection
	GlobalSection(ExtensibilityGlobals) = postSolution
		SolutionGuid = {A4D18742-1DA3-4A5C-A042-B2C0A23E181B}
	EndGlobalSection
EndGlobal
