
Microsoft Visual Studio Solution File, Format Version 12.00
# Visual Studio Version 16
VisualStudioVersion = 16.0.29102.190
MinimumVisualStudioVersion = 10.0.40219.1
Project("{FAE04EC0-301F-11D3-BF4B-00C04F79EFBC}") = "Lista 1 - Exercicio 06", "Lista 1 - Exercicio 06\Lista 1 - Exercicio 06.csproj", "{0E731717-D808-4D74-87E6-BC19FC5028A8}"
EndProject
Global
	GlobalSection(SolutionConfigurationPlatforms) = preSolution
		Debug|Any CPU = Debug|Any CPU
		Release|Any CPU = Release|Any CPU
	EndGlobalSection
	GlobalSection(ProjectConfigurationPlatforms) = postSolution
		{0E731717-D808-4D74-87E6-BC19FC5028A8}.Debug|Any CPU.ActiveCfg = Debug|Any CPU
		{0E731717-D808-4D74-87E6-BC19FC5028A8}.Debug|Any CPU.Build.0 = Debug|Any CPU
		{0E731717-D808-4D74-87E6-BC19FC5028A8}.Release|Any CPU.ActiveCfg = Release|Any CPU
		{0E731717-D808-4D74-87E6-BC19FC5028A8}.Release|Any CPU.Build.0 = Release|Any CPU
	EndGlobalSection
	GlobalSection(SolutionProperties) = preSolution
		HideSolutionNode = FALSE
	EndGlobalSection
	GlobalSection(ExtensibilityGlobals) = postSolution
		SolutionGuid = {E4D36C82-E856-4CF2-A169-DD59A8938F76}
	EndGlobalSection
EndGlobal
