
Microsoft Visual Studio Solution File, Format Version 12.00
# Visual Studio Version 16
VisualStudioVersion = 16.0.29102.190
MinimumVisualStudioVersion = 10.0.40219.1
Project("{FAE04EC0-301F-11D3-BF4B-00C04F79EFBC}") = "Lista 2 - Exercicio 8", "Lista 2 - Exercicio 8\Lista 2 - Exercicio 8.csproj", "{0D9601FE-71F2-46DF-93E6-05A6F7736061}"
EndProject
Global
	GlobalSection(SolutionConfigurationPlatforms) = preSolution
		Debug|Any CPU = Debug|Any CPU
		Release|Any CPU = Release|Any CPU
	EndGlobalSection
	GlobalSection(ProjectConfigurationPlatforms) = postSolution
		{0D9601FE-71F2-46DF-93E6-05A6F7736061}.Debug|Any CPU.ActiveCfg = Debug|Any CPU
		{0D9601FE-71F2-46DF-93E6-05A6F7736061}.Debug|Any CPU.Build.0 = Debug|Any CPU
		{0D9601FE-71F2-46DF-93E6-05A6F7736061}.Release|Any CPU.ActiveCfg = Release|Any CPU
		{0D9601FE-71F2-46DF-93E6-05A6F7736061}.Release|Any CPU.Build.0 = Release|Any CPU
	EndGlobalSection
	GlobalSection(SolutionProperties) = preSolution
		HideSolutionNode = FALSE
	EndGlobalSection
	GlobalSection(ExtensibilityGlobals) = postSolution
		SolutionGuid = {07EE5F7C-E515-4F2C-B56A-8BFB937DAD2F}
	EndGlobalSection
EndGlobal
