
Microsoft Visual Studio Solution File, Format Version 12.00
# Visual Studio Version 16
VisualStudioVersion = 16.0.29102.190
MinimumVisualStudioVersion = 10.0.40219.1
Project("{FAE04EC0-301F-11D3-BF4B-00C04F79EFBC}") = "Calculadora Financeira - IRF", "Calculadora Financeira - IRF\Calculadora Financeira - IRF.csproj", "{B40A06B6-9FB7-44DD-BBE6-B80F9970DC29}"
EndProject
Global
	GlobalSection(SolutionConfigurationPlatforms) = preSolution
		Debug|Any CPU = Debug|Any CPU
		Release|Any CPU = Release|Any CPU
	EndGlobalSection
	GlobalSection(ProjectConfigurationPlatforms) = postSolution
		{B40A06B6-9FB7-44DD-BBE6-B80F9970DC29}.Debug|Any CPU.ActiveCfg = Debug|Any CPU
		{B40A06B6-9FB7-44DD-BBE6-B80F9970DC29}.Debug|Any CPU.Build.0 = Debug|Any CPU
		{B40A06B6-9FB7-44DD-BBE6-B80F9970DC29}.Release|Any CPU.ActiveCfg = Release|Any CPU
		{B40A06B6-9FB7-44DD-BBE6-B80F9970DC29}.Release|Any CPU.Build.0 = Release|Any CPU
	EndGlobalSection
	GlobalSection(SolutionProperties) = preSolution
		HideSolutionNode = FALSE
	EndGlobalSection
	GlobalSection(ExtensibilityGlobals) = postSolution
		SolutionGuid = {63D334AE-8175-448B-9FF3-EC2102A55F69}
	EndGlobalSection
EndGlobal
