
Microsoft Visual Studio Solution File, Format Version 12.00
# Visual Studio Version 16
VisualStudioVersion = 16.0.29102.190
MinimumVisualStudioVersion = 10.0.40219.1
Project("{FAE04EC0-301F-11D3-BF4B-00C04F79EFBC}") = "Lista 1 - Exercicio 10", "Lista 1 - Exercicio 10\Lista 1 - Exercicio 10.csproj", "{C63A20D0-8A08-4AC0-8B07-163F343D5D47}"
EndProject
Global
	GlobalSection(SolutionConfigurationPlatforms) = preSolution
		Debug|Any CPU = Debug|Any CPU
		Release|Any CPU = Release|Any CPU
	EndGlobalSection
	GlobalSection(ProjectConfigurationPlatforms) = postSolution
		{C63A20D0-8A08-4AC0-8B07-163F343D5D47}.Debug|Any CPU.ActiveCfg = Debug|Any CPU
		{C63A20D0-8A08-4AC0-8B07-163F343D5D47}.Debug|Any CPU.Build.0 = Debug|Any CPU
		{C63A20D0-8A08-4AC0-8B07-163F343D5D47}.Release|Any CPU.ActiveCfg = Release|Any CPU
		{C63A20D0-8A08-4AC0-8B07-163F343D5D47}.Release|Any CPU.Build.0 = Release|Any CPU
	EndGlobalSection
	GlobalSection(SolutionProperties) = preSolution
		HideSolutionNode = FALSE
	EndGlobalSection
	GlobalSection(ExtensibilityGlobals) = postSolution
		SolutionGuid = {213B052D-4B4F-4D63-A1F4-08DBE651C2A1}
	EndGlobalSection
EndGlobal
