
Microsoft Visual Studio Solution File, Format Version 12.00
# Visual Studio Version 16
VisualStudioVersion = 16.0.29102.190
MinimumVisualStudioVersion = 10.0.40219.1
Project("{FAE04EC0-301F-11D3-BF4B-00C04F79EFBC}") = "Calculadora Financeira-Renda Fixa", "Calculadora Financeira-Renda Fixa\Calculadora Financeira-Renda Fixa.csproj", "{355A7996-7EA2-4901-8F21-55579B189BF4}"
EndProject
Global
	GlobalSection(SolutionConfigurationPlatforms) = preSolution
		Debug|Any CPU = Debug|Any CPU
		Release|Any CPU = Release|Any CPU
	EndGlobalSection
	GlobalSection(ProjectConfigurationPlatforms) = postSolution
		{355A7996-7EA2-4901-8F21-55579B189BF4}.Debug|Any CPU.ActiveCfg = Debug|Any CPU
		{355A7996-7EA2-4901-8F21-55579B189BF4}.Debug|Any CPU.Build.0 = Debug|Any CPU
		{355A7996-7EA2-4901-8F21-55579B189BF4}.Release|Any CPU.ActiveCfg = Release|Any CPU
		{355A7996-7EA2-4901-8F21-55579B189BF4}.Release|Any CPU.Build.0 = Release|Any CPU
	EndGlobalSection
	GlobalSection(SolutionProperties) = preSolution
		HideSolutionNode = FALSE
	EndGlobalSection
	GlobalSection(ExtensibilityGlobals) = postSolution
		SolutionGuid = {A8C9D134-7DEB-495C-9B5B-168021E42525}
	EndGlobalSection
EndGlobal
