
Microsoft Visual Studio Solution File, Format Version 12.00
# Visual Studio Version 16
VisualStudioVersion = 16.0.29102.190
MinimumVisualStudioVersion = 10.0.40219.1
Project("{FAE04EC0-301F-11D3-BF4B-00C04F79EFBC}") = "Lista 1 - Exercicio 01", "Lista 1 - Exercicio 01\Lista 1 - Exercicio 01.csproj", "{CFA0D5FC-A8FA-4428-ACE7-472AEB550B20}"
EndProject
Global
	GlobalSection(SolutionConfigurationPlatforms) = preSolution
		Debug|Any CPU = Debug|Any CPU
		Release|Any CPU = Release|Any CPU
	EndGlobalSection
	GlobalSection(ProjectConfigurationPlatforms) = postSolution
		{CFA0D5FC-A8FA-4428-ACE7-472AEB550B20}.Debug|Any CPU.ActiveCfg = Debug|Any CPU
		{CFA0D5FC-A8FA-4428-ACE7-472AEB550B20}.Debug|Any CPU.Build.0 = Debug|Any CPU
		{CFA0D5FC-A8FA-4428-ACE7-472AEB550B20}.Release|Any CPU.ActiveCfg = Release|Any CPU
		{CFA0D5FC-A8FA-4428-ACE7-472AEB550B20}.Release|Any CPU.Build.0 = Release|Any CPU
	EndGlobalSection
	GlobalSection(SolutionProperties) = preSolution
		HideSolutionNode = FALSE
	EndGlobalSection
	GlobalSection(ExtensibilityGlobals) = postSolution
		SolutionGuid = {B79B162D-487D-4FD4-B3D4-D9BF75A68431}
	EndGlobalSection
EndGlobal
